
Microsoft Visual Studio Solution File, Format Version 12.00
# Visual Studio Version 17
VisualStudioVersion = 17.9.34902.65
MinimumVisualStudioVersion = 10.0.40219.1
Project("{FAE04EC0-301F-11D3-BF4B-00C04F79EFBC}") = "2023AMVC", "2023AMVC\2023AMVC.csproj", "{9428AA41-4E16-4B45-B3F4-1A412FFB214F}"
EndProject
Global
	GlobalSection(SolutionConfigurationPlatforms) = preSolution
		Debug|Any CPU = Debug|Any CPU
		Release|Any CPU = Release|Any CPU
	EndGlobalSection
	GlobalSection(ProjectConfigurationPlatforms) = postSolution
		{9428AA41-4E16-4B45-B3F4-1A412FFB214F}.Debug|Any CPU.ActiveCfg = Debug|Any CPU
		{9428AA41-4E16-4B45-B3F4-1A412FFB214F}.Debug|Any CPU.Build.0 = Debug|Any CPU
		{9428AA41-4E16-4B45-B3F4-1A412FFB214F}.Release|Any CPU.ActiveCfg = Release|Any CPU
		{9428AA41-4E16-4B45-B3F4-1A412FFB214F}.Release|Any CPU.Build.0 = Release|Any CPU
	EndGlobalSection
	GlobalSection(SolutionProperties) = preSolution
		HideSolutionNode = FALSE
	EndGlobalSection
	GlobalSection(ExtensibilityGlobals) = postSolution
		SolutionGuid = {57F06227-934C-44FC-A2D7-2114D2FA5F65}
	EndGlobalSection
EndGlobal
